{
  "requires": true,
  "lockfileVersion": 1,
  "dependencies": {
    "easy-modal-js": {
      "version": "1.0.4",
      "resolved": "https://registry.npmjs.org/easy-modal-js/-/easy-modal-js-1.0.4.tgz",
      "integrity": "sha512-gCts+OpBV77+k6m4nRIrkrcVvMgjzmNloPIKklJkU4FRg9YDFo73AU446u417gr35sdhm/TxjQXci7TLS29Ukg=="
    }
  }
}
